{
  "object": {
    "pins": [
      {
        "package": "SFSymbols",
        "repositoryURL": "https://github.com/Rspoon3/SFSymbols.git",
        "state": {
          "branch": "release-2.0.0",
          "revision": "5fb1e56483ad5438109e12ba62acba1c3bcc9888",
          "version": null
        }
      },
      {
        "package": "SwiftTools",
        "repositoryURL": "https://github.com/Rspoon3/SwiftTools.git",
        "state": {
          "branch": "release-1.0.0",
          "revision": "b125ef3241850d03995af2af4ee2350ffb571f03",
          "version": null
        }
      }
    ]
  },
  "version": 1
}
