{
  "pins" : [
    {
      "identity" : "sfsymbols",
      "kind" : "remoteSourceControl",
      "location" : "https://github.com/Rspoon3/SFSymbols.git",
      "state" : {
        "revision" : "d3b0fc32d67cadb87f38d3834f51eff89f733e35",
        "version" : "2.4.0"
      }
    },
    {
      "identity" : "swifttools",
      "kind" : "remoteSourceControl",
      "location" : "https://github.com/Rspoon3/SwiftTools.git",
      "state" : {
        "branch" : "visionOS",
        "revision" : "bd3ba4b41d8bc63c7e5bc5cdfe771c866cd5e9e6"
      }
    }
  ],
  "version" : 2
}
