{
  "object": {
    "pins": [
      {
        "package": "SFSymbols",
        "repositoryURL": "https://github.com/Rspoon3/SFSymbols.git",
        "state": {
          "branch": null,
          "revision": "c29af3cb3137ad5a9a5bd793c0bf7bd1b00c715d",
          "version": "2.0.0"
        }
      },
      {
        "package": "SwiftTools",
        "repositoryURL": "https://github.com/Rspoon3/SwiftTools.git",
        "state": {
          "branch": null,
          "revision": "f8f7128b2f7ad69f42a1482e1ed300878b87df30",
          "version": "1.0.0"
        }
      }
    ]
  },
  "version": 1
}
